PODS:
  - BETOAuth2Client (1.0.1):
    - BETURLSession (~> 1.0)
  - BETURLSession (1.0.1)

DEPENDENCIES:
  - BETOAuth2Client (from `../`)
  - BETURLSession

EXTERNAL SOURCES:
  BETOAuth2Client:
    :path: ../

SPEC CHECKSUMS:
  BETOAuth2Client: 57d51fa5c3c8edc30b4ea3b5535b68c81ffd0327
  BETURLSession: f6ef65070cd85599295d4c800b7eca9c37f5cc3d

COCOAPODS: 0.36.3
